
Microsoft Visual Studio Solution File, Format Version 12.00
# Visual Studio Version 17
VisualStudioVersion = 17.0.32014.148
MinimumVisualStudioVersion = 10.0.40219.1
Project("{9A19103F-16F7-4668-BE54-9A1E7A4F7556}") = "APIPRUEBAS", "APIPRUEBAS\APIPRUEBAS.csproj", "{B0A3EDD3-9047-4315-B9E3-BE03AE4ECC44}"
EndProject
Project("{FAE04EC0-301F-11D3-BF4B-00C04F79EFBC}") = "Utilidades", "Utilidades\Utilidades.csproj", "{7F828600-D6F6-43D3-9F0A-9800738D27F8}"
EndProject
Global
	GlobalSection(SolutionConfigurationPlatforms) = preSolution
		Debug|Any CPU = Debug|Any CPU
		Release|Any CPU = Release|Any CPU
	EndGlobalSection
	GlobalSection(ProjectConfigurationPlatforms) = postSolution
		{B0A3EDD3-9047-4315-B9E3-BE03AE4ECC44}.Debug|Any CPU.ActiveCfg = Debug|Any CPU
		{B0A3EDD3-9047-4315-B9E3-BE03AE4ECC44}.Debug|Any CPU.Build.0 = Debug|Any CPU
		{B0A3EDD3-9047-4315-B9E3-BE03AE4ECC44}.Release|Any CPU.ActiveCfg = Release|Any CPU
		{B0A3EDD3-9047-4315-B9E3-BE03AE4ECC44}.Release|Any CPU.Build.0 = Release|Any CPU
		{7F828600-D6F6-43D3-9F0A-9800738D27F8}.Debug|Any CPU.ActiveCfg = Debug|Any CPU
		{7F828600-D6F6-43D3-9F0A-9800738D27F8}.Debug|Any CPU.Build.0 = Debug|Any CPU
		{7F828600-D6F6-43D3-9F0A-9800738D27F8}.Release|Any CPU.ActiveCfg = Release|Any CPU
		{7F828600-D6F6-43D3-9F0A-9800738D27F8}.Release|Any CPU.Build.0 = Release|Any CPU
	EndGlobalSection
	GlobalSection(SolutionProperties) = preSolution
		HideSolutionNode = FALSE
	EndGlobalSection
	GlobalSection(ExtensibilityGlobals) = postSolution
		SolutionGuid = {438ED1E7-9161-45E6-BB06-3D90F30389B8}
	EndGlobalSection
EndGlobal
